
Microsoft Visual Studio Solution File, Format Version 12.00
# Visual Studio Version 17
VisualStudioVersion = 17.9.34723.18
MinimumVisualStudioVersion = 10.0.40219.1
Project("{9A19103F-16F7-4668-BE54-9A1E7A4F7556}") = "HAHZDotNetCore.ConsoleAPP", "HAHZDotNetCore.ConsoleAPP\HAHZDotNetCore.ConsoleAPP.csproj", "{D5DA8A6A-58C8-4BB0-8A25-9BEA1D670E20}"
EndProject
Project("{2150E333-8FDC-42A3-9474-1A3956D46DE8}") = "Solution Items", "Solution Items", "{E61914E5-ACDE-47B0-A8D1-788778986819}"
	ProjectSection(SolutionItems) = preProject
		Readme.md = Readme.md
	EndProjectSection
EndProject
Project("{FAE04EC0-301F-11D3-BF4B-00C04F79EFBC}") = "HAHZDotNetCore.RestApi", "..\HAHZDotNetCore.RestApi\HAHZDotNetCore.RestApi.csproj", "{13602272-5894-479D-A243-7F7EDB2D673B}"
EndProject
Global
	GlobalSection(SolutionConfigurationPlatforms) = preSolution
		Debug|Any CPU = Debug|Any CPU
		Release|Any CPU = Release|Any CPU
	EndGlobalSection
	GlobalSection(ProjectConfigurationPlatforms) = postSolution
		{D5DA8A6A-58C8-4BB0-8A25-9BEA1D670E20}.Debug|Any CPU.ActiveCfg = Debug|Any CPU
		{D5DA8A6A-58C8-4BB0-8A25-9BEA1D670E20}.Debug|Any CPU.Build.0 = Debug|Any CPU
		{D5DA8A6A-58C8-4BB0-8A25-9BEA1D670E20}.Release|Any CPU.ActiveCfg = Release|Any CPU
		{D5DA8A6A-58C8-4BB0-8A25-9BEA1D670E20}.Release|Any CPU.Build.0 = Release|Any CPU
		{13602272-5894-479D-A243-7F7EDB2D673B}.Debug|Any CPU.ActiveCfg = Debug|Any CPU
		{13602272-5894-479D-A243-7F7EDB2D673B}.Debug|Any CPU.Build.0 = Debug|Any CPU
		{13602272-5894-479D-A243-7F7EDB2D673B}.Release|Any CPU.ActiveCfg = Release|Any CPU
		{13602272-5894-479D-A243-7F7EDB2D673B}.Release|Any CPU.Build.0 = Release|Any CPU
	EndGlobalSection
	GlobalSection(SolutionProperties) = preSolution
		HideSolutionNode = FALSE
	EndGlobalSection
	GlobalSection(ExtensibilityGlobals) = postSolution
		SolutionGuid = {360752DE-07AD-41C1-B7A1-46907D1FDADC}
	EndGlobalSection
EndGlobal
